
Microsoft Visual Studio Solution File, Format Version 12.00
# Visual Studio Version 17
VisualStudioVersion = 17.5.002.0
MinimumVisualStudioVersion = 10.0.40219.1
Project("{9A19103F-16F7-4668-BE54-9A1E7A4F7556}") = "Exo.WebApi", "Exo.WebApi.csproj", "{DCCD3674-58CF-4290-B8C7-70021C60A4E7}"
EndProject
Global
	GlobalSection(SolutionConfigurationPlatforms) = preSolution
		Debug|Any CPU = Debug|Any CPU
		Release|Any CPU = Release|Any CPU
	EndGlobalSection
	GlobalSection(ProjectConfigurationPlatforms) = postSolution
		{DCCD3674-58CF-4290-B8C7-70021C60A4E7}.Debug|Any CPU.ActiveCfg = Debug|Any CPU
		{DCCD3674-58CF-4290-B8C7-70021C60A4E7}.Debug|Any CPU.Build.0 = Debug|Any CPU
		{DCCD3674-58CF-4290-B8C7-70021C60A4E7}.Release|Any CPU.ActiveCfg = Release|Any CPU
		{DCCD3674-58CF-4290-B8C7-70021C60A4E7}.Release|Any CPU.Build.0 = Release|Any CPU
	EndGlobalSection
	GlobalSection(SolutionProperties) = preSolution
		HideSolutionNode = FALSE
	EndGlobalSection
	GlobalSection(ExtensibilityGlobals) = postSolution
		SolutionGuid = {353B3DCF-EC71-4FBD-8291-A83AD9450187}
	EndGlobalSection
EndGlobal
